// !$*UTF8*$!
{
	archiveVersion = 1;
	classes = {
	};
	objectVersion = 46;
	objects = {

/* Begin PBXBuildFile section */
		D3663FFB1AAFBFD100EE19EC /* main.m in Sources */ = {isa = PBXBuildFile; fileRef = D3663FFA1AAFBFD100EE19EC /* main.m */; };
		D3663FFE1AAFBFD100EE19EC /* AppDelegate.m in Sources */ = {isa = PBXBuildFile; fileRef = D3663FFD1AAFBFD100EE19EC /* AppDelegate.m */; };
		D36640011AAFBFD100EE19EC /* ViewController.m in Sources */ = {isa = PBXBuildFile; fileRef = D36640001AAFBFD100EE19EC /* ViewController.m */; };
		D36640041AAFBFD100EE19EC /* Main.storyboard in Resources */ = {isa = PBXBuildFile; fileRef = D36640021AAFBFD100EE19EC /* Main.storyboard */; };
		D36640061AAFBFD100EE19EC /* Images.xcassets in Resources */ = {isa = PBXBuildFile; fileRef = D36640051AAFBFD100EE19EC /* Images.xcassets */; };
		D36640091AAFBFD100EE19EC /* LaunchScreen.xib in Resources */ = {isa = PBXBuildFile; fileRef = D36640071AAFBFD100EE19EC /* LaunchScreen.xib */; };
		D36640151AAFBFD200EE19EC /* School_GradesTests.m in Sources */ = {isa = PBXBuildFile; fileRef = D36640141AAFBFD200EE19EC /* School_GradesTests.m */; };
		D36640231AAFD39A00EE19EC /* DSC06769.JPG in Resources */ = {isa = PBXBuildFile; fileRef = D36640221AAFD39A00EE19EC /* DSC06769.JPG */; };
		D37660921AB0E9770027CD0F /* tareas-21627731.jpg in Resources */ = {isa = PBXBuildFile; fileRef = D37660911AB0E9770027CD0F /* tareas-21627731.jpg */; };
		D37660991AB0EE170027CD0F /* Bolts.framework in Frameworks */ = {isa = PBXBuildFile; fileRef = D37660941AB0EE170027CD0F /* Bolts.framework */; };
		D376609A1AB0EE170027CD0F /* Parse.framework in Frameworks */ = {isa = PBXBuildFile; fileRef = D37660951AB0EE170027CD0F /* Parse.framework */; };
		D376609B1AB0EE170027CD0F /* ParseCrashReporting.framework in Frameworks */ = {isa = PBXBuildFile; fileRef = D37660961AB0EE170027CD0F /* ParseCrashReporting.framework */; };
		D376609C1AB0EE170027CD0F /* ParseFacebookUtils.framework in Frameworks */ = {isa = PBXBuildFile; fileRef = D37660971AB0EE170027CD0F /* ParseFacebookUtils.framework */; };
		D376609D1AB0EE170027CD0F /* ParseUI.framework in Frameworks */ = {isa = PBXBuildFile; fileRef = D37660981AB0EE170027CD0F /* ParseUI.framework */; };
		D376609F1AB0EE780027CD0F /* libz.1.1.3.dylib in Frameworks */ = {isa = PBXBuildFile; fileRef = D376609E1AB0EE780027CD0F /* libz.1.1.3.dylib */; };
		D37660A11AB0EE8F0027CD0F /* libstdc++.dylib in Frameworks */ = {isa = PBXBuildFile; fileRef = D37660A01AB0EE8F0027CD0F /* libstdc++.dylib */; };
		D37660A31AB0EE990027CD0F /* libsqlite3.0.dylib in Frameworks */ = {isa = PBXBuildFile; fileRef = D37660A21AB0EE990027CD0F /* libsqlite3.0.dylib */; };
		D37660A51AB0EEA50027CD0F /* Foundation.framework in Frameworks */ = {isa = PBXBuildFile; fileRef = D37660A41AB0EEA50027CD0F /* Foundation.framework */; };
		D37660A71AB0EEB40027CD0F /* UIKit.framework in Frameworks */ = {isa = PBXBuildFile; fileRef = D37660A61AB0EEB40027CD0F /* UIKit.framework */; };
		D37660A91AB0EEC10027CD0F /* CFNetwork.framework in Frameworks */ = {isa = PBXBuildFile; fileRef = D37660A81AB0EEC10027CD0F /* CFNetwork.framework */; };
		D37660AB1AB0EECF0027CD0F /* SystemConfiguration.framework in Frameworks */ = {isa = PBXBuildFile; fileRef = D37660AA1AB0EECF0027CD0F /* SystemConfiguration.framework */; };
		D37660AD1AB0EF1D0027CD0F /* MobileCoreServices.framework in Frameworks */ = {isa = PBXBuildFile; fileRef = D37660AC1AB0EF1D0027CD0F /* MobileCoreServices.framework */; };
		D37660AF1AB0EF360027CD0F /* AudioToolbox.framework in Frameworks */ = {isa = PBXBuildFile; fileRef = D37660AE1AB0EF360027CD0F /* AudioToolbox.framework */; };
		D37660B11AB0EF420027CD0F /* Security.framework in Frameworks */ = {isa = PBXBuildFile; fileRef = D37660B01AB0EF420027CD0F /* Security.framework */; };
		D37660B31AB0EF7B0027CD0F /* QuartzCore.framework in Frameworks */ = {isa = PBXBuildFile; fileRef = D37660B21AB0EF7B0027CD0F /* QuartzCore.framework */; };
		D37660B51AB0EF950027CD0F /* CoreGraphics.framework in Frameworks */ = {isa = PBXBuildFile; fileRef = D37660B41AB0EF950027CD0F /* CoreGraphics.framework */; };
		D37660B71AB0EFAE0027CD0F /* StoreKit.framework in Frameworks */ = {isa = PBXBuildFile; fileRef = D37660B61AB0EFAE0027CD0F /* StoreKit.framework */; };
		D37660B91AB0EFCE0027CD0F /* CoreLocation.framework in Frameworks */ = {isa = PBXBuildFile; fileRef = D37660B81AB0EFCE0027CD0F /* CoreLocation.framework */; };
		D377F6921AC8CCC8003A1909 /* Cal.m in Sources */ = {isa = PBXBuildFile; fileRef = D377F6911AC8CCC8003A1909 /* Cal.m */; };
		D37D9B431AB92DC800C6A400 /* Izq.png in Resources */ = {isa = PBXBuildFile; fileRef = D37D9B421AB92DC800C6A400 /* Izq.png */; };
		D37D9B461AB9317200C6A400 /* Alumno.m in Sources */ = {isa = PBXBuildFile; fileRef = D37D9B451AB9317200C6A400 /* Alumno.m */; };
		D3CD6ECF1AC51DD4005A0809 /* Materia.m in Sources */ = {isa = PBXBuildFile; fileRef = D3CD6ECE1AC51DD4005A0809 /* Materia.m */; };
		D3CE2E531AC133490039D221 /* Tarea.m in Sources */ = {isa = PBXBuildFile; fileRef = D3CE2E521AC133490039D221 /* Tarea.m */; };
		D3E285BE1AB0874400C254E7 /* cellOaxaca.m in Sources */ = {isa = PBXBuildFile; fileRef = D3E285BD1AB0874400C254E7 /* cellOaxaca.m */; };
		D3E285C01AB08BDD00C254E7 /* notas_512.png in Resources */ = {isa = PBXBuildFile; fileRef = D3E285BF1AB08BDD00C254E7 /* notas_512.png */; };
/* End PBXBuildFile section */

/* Begin PBXContainerItemProxy section */
		D366400F1AAFBFD200EE19EC /* PBXContainerItemProxy */ = {
			isa = PBXContainerItemProxy;
			containerPortal = D3663FED1AAFBFD100EE19EC /* Project object */;
			proxyType = 1;
			remoteGlobalIDString = D3663FF41AAFBFD100EE19EC;
			remoteInfo = "School-Grades";
		};
/* End PBXContainerItemProxy section */

/* Begin PBXFileReference section */
		D3663FF51AAFBFD100EE19EC /* School-Grades.app */ = {isa = PBXFileReference; explicitFileType = wrapper.application; includeInIndex = 0; path = "School-Grades.app"; sourceTree = BUILT_PRODUCTS_DIR; };
		D3663FF91AAFBFD100EE19EC /* Info.plist */ = {isa = PBXFileReference; lastKnownFileType = text.plist.xml; path = Info.plist; sourceTree = "<group>"; };
		D3663FFA1AAFBFD100EE19EC /* main.m */ = {isa = PBXFileReference; lastKnownFileType = sourcecode.c.objc; path = main.m; sourceTree = "<group>"; };
		D3663FFC1AAFBFD100EE19EC /* AppDelegate.h */ = {isa = PBXFileReference; lastKnownFileType = sourcecode.c.h; path = AppDelegate.h; sourceTree = "<group>"; };
		D3663FFD1AAFBFD100EE19EC /* AppDelegate.m */ = {isa = PBXFileReference; lastKnownFileType = sourcecode.c.objc; path = AppDelegate.m; sourceTree = "<group>"; };
		D3663FFF1AAFBFD100EE19EC /* ViewController.h */ = {isa = PBXFileReference; lastKnownFileType = sourcecode.c.h; path = ViewController.h; sourceTree = "<group>"; };
		D36640001AAFBFD100EE19EC /* ViewController.m */ = {isa = PBXFileReference; lastKnownFileType = sourcecode.c.objc; path = ViewController.m; sourceTree = "<group>"; };
		D36640031AAFBFD100EE19EC /* Base */ = {isa = PBXFileReference; lastKnownFileType = file.storyboard; name = Base; path = Base.lproj/Main.storyboard; sourceTree = "<group>"; };
		D36640051AAFBFD100EE19EC /* Images.xcassets */ = {isa = PBXFileReference; lastKnownFileType = folder.assetcatalog; path = Images.xcassets; sourceTree = "<group>"; };
		D36640081AAFBFD100EE19EC /* Base */ = {isa = PBXFileReference; lastKnownFileType = file.xib; name = Base; path = Base.lproj/LaunchScreen.xib; sourceTree = "<group>"; };
		D366400E1AAFBFD200EE19EC /* School-GradesTests.xctest */ = {isa = PBXFileReference; explicitFileType = wrapper.cfbundle; includeInIndex = 0; path = "School-GradesTests.xctest"; sourceTree = BUILT_PRODUCTS_DIR; };
		D36640131AAFBFD200EE19EC /* Info.plist */ = {isa = PBXFileReference; lastKnownFileType = text.plist.xml; path = Info.plist; sourceTree = "<group>"; };
		D36640141AAFBFD200EE19EC /* School_GradesTests.m */ = {isa = PBXFileReference; lastKnownFileType = sourcecode.c.objc; path = School_GradesTests.m; sourceTree = "<group>"; };
		D36640221AAFD39A00EE19EC /* DSC06769.JPG */ = {isa = PBXFileReference; lastKnownFileType = image.jpeg; path = DSC06769.JPG; sourceTree = "<group>"; };
		D37660911AB0E9770027CD0F /* tareas-21627731.jpg */ = {isa = PBXFileReference; lastKnownFileType = image.jpeg; path = "tareas-21627731.jpg"; sourceTree = "<group>"; };
		D37660941AB0EE170027CD0F /* Bolts.framework */ = {isa = PBXFileReference; lastKnownFileType = wrapper.framework; path = Bolts.framework; sourceTree = "<group>"; };
		D37660951AB0EE170027CD0F /* Parse.framework */ = {isa = PBXFileReference; lastKnownFileType = wrapper.framework; path = Parse.framework; sourceTree = "<group>"; };
		D37660961AB0EE170027CD0F /* ParseCrashReporting.framework */ = {isa = PBXFileReference; lastKnownFileType = wrapper.framework; path = ParseCrashReporting.framework; sourceTree = "<group>"; };
		D37660971AB0EE170027CD0F /* ParseFacebookUtils.framework */ = {isa = PBXFileReference; lastKnownFileType = wrapper.framework; path = ParseFacebookUtils.framework; sourceTree = "<group>"; };
		D37660981AB0EE170027CD0F /* ParseUI.framework */ = {isa = PBXFileReference; lastKnownFileType = wrapper.framework; path = ParseUI.framework; sourceTree = "<group>"; };
		D376609E1AB0EE780027CD0F /* libz.1.1.3.dylib */ = {isa = PBXFileReference; lastKnownFileType = "compiled.mach-o.dylib"; name = libz.1.1.3.dylib; path = usr/lib/libz.1.1.3.dylib; sourceTree = SDKROOT; };
		D37660A01AB0EE8F0027CD0F /* libstdc++.dylib */ = {isa = PBXFileReference; lastKnownFileType = "compiled.mach-o.dylib"; name = "libstdc++.dylib"; path = "usr/lib/libstdc++.dylib"; sourceTree = SDKROOT; };
		D37660A21AB0EE990027CD0F /* libsqlite3.0.dylib */ = {isa = PBXFileReference; lastKnownFileType = "compiled.mach-o.dylib"; name = libsqlite3.0.dylib; path = usr/lib/libsqlite3.0.dylib; sourceTree = SDKROOT; };
		D37660A41AB0EEA50027CD0F /* Foundation.framework */ = {isa = PBXFileReference; lastKnownFileType = wrapper.framework; name = Foundation.framework; path = System/Library/Frameworks/Foundation.framework; sourceTree = SDKROOT; };
		D37660A61AB0EEB40027CD0F /* UIKit.framework */ = {isa = PBXFileReference; lastKnownFileType = wrapper.framework; name = UIKit.framework; path = System/Library/Frameworks/UIKit.framework; sourceTree = SDKROOT; };
		D37660A81AB0EEC10027CD0F /* CFNetwork.framework */ = {isa = PBXFileReference; lastKnownFileType = wrapper.framework; name = CFNetwork.framework; path = System/Library/Frameworks/CFNetwork.framework; sourceTree = SDKROOT; };
		D37660AA1AB0EECF0027CD0F /* SystemConfiguration.framework */ = {isa = PBXFileReference; lastKnownFileType = wrapper.framework; name = SystemConfiguration.framework; path = System/Library/Frameworks/SystemConfiguration.framework; sourceTree = SDKROOT; };
		D37660AC1AB0EF1D0027CD0F /* MobileCoreServices.framework */ = {isa = PBXFileReference; lastKnownFileType = wrapper.framework; name = MobileCoreServices.framework; path = System/Library/Frameworks/MobileCoreServices.framework; sourceTree = SDKROOT; };
		D37660AE1AB0EF360027CD0F /* AudioToolbox.framework */ = {isa = PBXFileReference; lastKnownFileType = wrapper.framework; name = AudioToolbox.framework; path = System/Library/Frameworks/AudioToolbox.framework; sourceTree = SDKROOT; };
		D37660B01AB0EF420027CD0F /* Security.framework */ = {isa = PBXFileReference; lastKnownFileType = wrapper.framework; name = Security.framework; path = System/Library/Frameworks/Security.framework; sourceTree = SDKROOT; };
		D37660B21AB0EF7B0027CD0F /* QuartzCore.framework */ = {isa = PBXFileReference; lastKnownFileType = wrapper.framework; name = QuartzCore.framework; path = System/Library/Frameworks/QuartzCore.framework; sourceTree = SDKROOT; };
		D37660B41AB0EF950027CD0F /* CoreGraphics.framework */ = {isa = PBXFileReference; lastKnownFileType = wrapper.framework; name = CoreGraphics.framework; path = System/Library/Frameworks/CoreGraphics.framework; sourceTree = SDKROOT; };
		D37660B61AB0EFAE0027CD0F /* StoreKit.framework */ = {isa = PBXFileReference; lastKnownFileType = wrapper.framework; name = StoreKit.framework; path = System/Library/Frameworks/StoreKit.framework; sourceTree = SDKROOT; };
		D37660B81AB0EFCE0027CD0F /* CoreLocation.framework */ = {isa = PBXFileReference; lastKnownFileType = wrapper.framework; name = CoreLocation.framework; path = System/Library/Frameworks/CoreLocation.framework; sourceTree = SDKROOT; };
		D377F6901AC8CCC8003A1909 /* Cal.h */ = {isa = PBXFileReference; fileEncoding = 4; lastKnownFileType = sourcecode.c.h; path = Cal.h; sourceTree = "<group>"; };
		D377F6911AC8CCC8003A1909 /* Cal.m */ = {isa = PBXFileReference; fileEncoding = 4; lastKnownFileType = sourcecode.c.objc; path = Cal.m; sourceTree = "<group>"; };
		D37D9B421AB92DC800C6A400 /* Izq.png */ = {isa = PBXFileReference; lastKnownFileType = image.png; path = Izq.png; sourceTree = "<group>"; };
		D37D9B441AB9317200C6A400 /* Alumno.h */ = {isa = PBXFileReference; fileEncoding = 4; lastKnownFileType = sourcecode.c.h; path = Alumno.h; sourceTree = "<group>"; };
		D37D9B451AB9317200C6A400 /* Alumno.m */ = {isa = PBXFileReference; fileEncoding = 4; lastKnownFileType = sourcecode.c.objc; path = Alumno.m; sourceTree = "<group>"; };
		D3CD6ECD1AC51DD4005A0809 /* Materia.h */ = {isa = PBXFileReference; fileEncoding = 4; lastKnownFileType = sourcecode.c.h; path = Materia.h; sourceTree = "<group>"; };
		D3CD6ECE1AC51DD4005A0809 /* Materia.m */ = {isa = PBXFileReference; fileEncoding = 4; lastKnownFileType = sourcecode.c.objc; path = Materia.m; sourceTree = "<group>"; };
		D3CE2E511AC133490039D221 /* Tarea.h */ = {isa = PBXFileReference; fileEncoding = 4; lastKnownFileType = sourcecode.c.h; path = Tarea.h; sourceTree = "<group>"; };
		D3CE2E521AC133490039D221 /* Tarea.m */ = {isa = PBXFileReference; fileEncoding = 4; lastKnownFileType = sourcecode.c.objc; path = Tarea.m; sourceTree = "<group>"; };
		D3E285BC1AB0874400C254E7 /* cellOaxaca.h */ = {isa = PBXFileReference; fileEncoding = 4; lastKnownFileType = sourcecode.c.h; path = cellOaxaca.h; sourceTree = "<group>"; };
		D3E285BD1AB0874400C254E7 /* cellOaxaca.m */ = {isa = PBXFileReference; fileEncoding = 4; lastKnownFileType = sourcecode.c.objc; path = cellOaxaca.m; sourceTree = "<group>"; };
		D3E285BF1AB08BDD00C254E7 /* notas_512.png */ = {isa = PBXFileReference; lastKnownFileType = image.png; path = notas_512.png; sourceTree = "<group>"; };
/* End PBXFileReference section */

/* Begin PBXFrameworksBuildPhase section */
		D3663FF21AAFBFD100EE19EC /* Frameworks */ = {
			isa = PBXFrameworksBuildPhase;
			buildActionMask = 2147483647;
			files = (
				D37660B91AB0EFCE0027CD0F /* CoreLocation.framework in Frameworks */,
				D37660B71AB0EFAE0027CD0F /* StoreKit.framework in Frameworks */,
				D37660B51AB0EF950027CD0F /* CoreGraphics.framework in Frameworks */,
				D37660B31AB0EF7B0027CD0F /* QuartzCore.framework in Frameworks */,
				D37660B11AB0EF420027CD0F /* Security.framework in Frameworks */,
				D37660AF1AB0EF360027CD0F /* AudioToolbox.framework in Frameworks */,
				D37660AD1AB0EF1D0027CD0F /* MobileCoreServices.framework in Frameworks */,
				D37660AB1AB0EECF0027CD0F /* SystemConfiguration.framework in Frameworks */,
				D37660A91AB0EEC10027CD0F /* CFNetwork.framework in Frameworks */,
				D37660A71AB0EEB40027CD0F /* UIKit.framework in Frameworks */,
				D37660A51AB0EEA50027CD0F /* Foundation.framework in Frameworks */,
				D37660A31AB0EE990027CD0F /* libsqlite3.0.dylib in Frameworks */,
				D37660A11AB0EE8F0027CD0F /* libstdc++.dylib in Frameworks */,
				D376609F1AB0EE780027CD0F /* libz.1.1.3.dylib in Frameworks */,
				D376609A1AB0EE170027CD0F /* Parse.framework in Frameworks */,
				D376609B1AB0EE170027CD0F /* ParseCrashReporting.framework in Frameworks */,
				D376609D1AB0EE170027CD0F /* ParseUI.framework in Frameworks */,
				D376609C1AB0EE170027CD0F /* ParseFacebookUtils.framework in Frameworks */,
				D37660991AB0EE170027CD0F /* Bolts.framework in Frameworks */,
			);
			runOnlyForDeploymentPostprocessing = 0;
		};
		D366400B1AAFBFD200EE19EC /* Frameworks */ = {
			isa = PBXFrameworksBuildPhase;
			buildActionMask = 2147483647;
			files = (
			);
			runOnlyForDeploymentPostprocessing = 0;
		};
/* End PBXFrameworksBuildPhase section */

/* Begin PBXGroup section */
		D3663FEC1AAFBFD100EE19EC = {
			isa = PBXGroup;
			children = (
				D37660B81AB0EFCE0027CD0F /* CoreLocation.framework */,
				D37660B61AB0EFAE0027CD0F /* StoreKit.framework */,
				D37660B41AB0EF950027CD0F /* CoreGraphics.framework */,
				D37660B21AB0EF7B0027CD0F /* QuartzCore.framework */,
				D37660B01AB0EF420027CD0F /* Security.framework */,
				D37660AE1AB0EF360027CD0F /* AudioToolbox.framework */,
				D37660AC1AB0EF1D0027CD0F /* MobileCoreServices.framework */,
				D37660AA1AB0EECF0027CD0F /* SystemConfiguration.framework */,
				D37660A81AB0EEC10027CD0F /* CFNetwork.framework */,
				D37660A61AB0EEB40027CD0F /* UIKit.framework */,
				D37660A41AB0EEA50027CD0F /* Foundation.framework */,
				D37660A21AB0EE990027CD0F /* libsqlite3.0.dylib */,
				D37660A01AB0EE8F0027CD0F /* libstdc++.dylib */,
				D376609E1AB0EE780027CD0F /* libz.1.1.3.dylib */,
				D37660931AB0EE170027CD0F /* FrameworksParse */,
				D3E285BB1AB086BA00C254E7 /* Customized */,
				D36640211AAFD38400EE19EC /* Images */,
				D3663FF71AAFBFD100EE19EC /* School-Grades */,
				D36640111AAFBFD200EE19EC /* School-GradesTests */,
				D3663FF61AAFBFD100EE19EC /* Products */,
			);
			sourceTree = "<group>";
		};
		D3663FF61AAFBFD100EE19EC /* Products */ = {
			isa = PBXGroup;
			children = (
				D3663FF51AAFBFD100EE19EC /* School-Grades.app */,
				D366400E1AAFBFD200EE19EC /* School-GradesTests.xctest */,
			);
			name = Products;
			sourceTree = "<group>";
		};
		D3663FF71AAFBFD100EE19EC /* School-Grades */ = {
			isa = PBXGroup;
			children = (
				D3663FFC1AAFBFD100EE19EC /* AppDelegate.h */,
				D3663FFD1AAFBFD100EE19EC /* AppDelegate.m */,
				D3663FFF1AAFBFD100EE19EC /* ViewController.h */,
				D36640001AAFBFD100EE19EC /* ViewController.m */,
				D37D9B441AB9317200C6A400 /* Alumno.h */,
				D37D9B451AB9317200C6A400 /* Alumno.m */,
				D3CE2E511AC133490039D221 /* Tarea.h */,
				D3CE2E521AC133490039D221 /* Tarea.m */,
				D3CD6ECD1AC51DD4005A0809 /* Materia.h */,
				D3CD6ECE1AC51DD4005A0809 /* Materia.m */,
				D377F6901AC8CCC8003A1909 /* Cal.h */,
				D377F6911AC8CCC8003A1909 /* Cal.m */,
				D36640021AAFBFD100EE19EC /* Main.storyboard */,
				D36640051AAFBFD100EE19EC /* Images.xcassets */,
				D36640071AAFBFD100EE19EC /* LaunchScreen.xib */,
				D3663FF81AAFBFD100EE19EC /* Supporting Files */,
			);
			path = "School-Grades";
			sourceTree = "<group>";
		};
		D3663FF81AAFBFD100EE19EC /* Supporting Files */ = {
			isa = PBXGroup;
			children = (
				D3663FF91AAFBFD100EE19EC /* Info.plist */,
				D3663FFA1AAFBFD100EE19EC /* main.m */,
			);
			name = "Supporting Files";
			sourceTree = "<group>";
		};
		D36640111AAFBFD200EE19EC /* School-GradesTests */ = {
			isa = PBXGroup;
			children = (
				D36640141AAFBFD200EE19EC /* School_GradesTests.m */,
				D36640121AAFBFD200EE19EC /* Supporting Files */,
			);
			path = "School-GradesTests";
			sourceTree = "<group>";
		};
		D36640121AAFBFD200EE19EC /* Supporting Files */ = {
			isa = PBXGroup;
			children = (
				D36640131AAFBFD200EE19EC /* Info.plist */,
			);
			name = "Supporting Files";
			sourceTree = "<group>";
		};
		D36640211AAFD38400EE19EC /* Images */ = {
			isa = PBXGroup;
			children = (
				D37D9B421AB92DC800C6A400 /* Izq.png */,
				D37660911AB0E9770027CD0F /* tareas-21627731.jpg */,
				D3E285BF1AB08BDD00C254E7 /* notas_512.png */,
				D36640221AAFD39A00EE19EC /* DSC06769.JPG */,
			);
			name = Images;
			sourceTree = "<group>";
		};
		D37660931AB0EE170027CD0F /* FrameworksParse */ = {
			isa = PBXGroup;
			children = (
				D37660941AB0EE170027CD0F /* Bolts.framework */,
				D37660951AB0EE170027CD0F /* Parse.framework */,
				D37660961AB0EE170027CD0F /* ParseCrashReporting.framework */,
				D37660971AB0EE170027CD0F /* ParseFacebookUtils.framework */,
				D37660981AB0EE170027CD0F /* ParseUI.framework */,
			);
			path = FrameworksParse;
			sourceTree = "<group>";
		};
		D3E285BB1AB086BA00C254E7 /* Customized */ = {
			isa = PBXGroup;
			children = (
				D3E285BC1AB0874400C254E7 /* cellOaxaca.h */,
				D3E285BD1AB0874400C254E7 /* cellOaxaca.m */,
			);
			name = Customized;
			sourceTree = "<group>";
		};
/* End PBXGroup section */

/* Begin PBXNativeTarget section */
		D3663FF41AAFBFD100EE19EC /* School-Grades */ = {
			isa = PBXNativeTarget;
			buildConfigurationList = D36640181AAFBFD200EE19EC /* Build configuration list for PBXNativeTarget "School-Grades" */;
			buildPhases = (
				D3663FF11AAFBFD100EE19EC /* Sources */,
				D3663FF21AAFBFD100EE19EC /* Frameworks */,
				D3663FF31AAFBFD100EE19EC /* Resources */,
			);
			buildRules = (
			);
			dependencies = (
			);
			name = "School-Grades";
			productName = "School-Grades";
			productReference = D3663FF51AAFBFD100EE19EC /* School-Grades.app */;
			productType = "com.apple.product-type.application";
		};
		D366400D1AAFBFD200EE19EC /* School-GradesTests */ = {
			isa = PBXNativeTarget;
			buildConfigurationList = D366401B1AAFBFD200EE19EC /* Build configuration list for PBXNativeTarget "School-GradesTests" */;
			buildPhases = (
				D366400A1AAFBFD200EE19EC /* Sources */,
				D366400B1AAFBFD200EE19EC /* Frameworks */,
				D366400C1AAFBFD200EE19EC /* Resources */,
			);
			buildRules = (
			);
			dependencies = (
				D36640101AAFBFD200EE19EC /* PBXTargetDependency */,
			);
			name = "School-GradesTests";
			productName = "School-GradesTests";
			productReference = D366400E1AAFBFD200EE19EC /* School-GradesTests.xctest */;
			productType = "com.apple.product-type.bundle.unit-test";
		};
/* End PBXNativeTarget section */

/* Begin PBXProject section */
		D3663FED1AAFBFD100EE19EC /* Project object */ = {
			isa = PBXProject;
			attributes = {
				LastUpgradeCheck = 0620;
				ORGANIZATIONNAME = AlbertoCorderoArellanes;
				TargetAttributes = {
					D3663FF41AAFBFD100EE19EC = {
						CreatedOnToolsVersion = 6.2;
						DevelopmentTeam = QXF33N93KH;
					};
					D366400D1AAFBFD200EE19EC = {
						CreatedOnToolsVersion = 6.2;
						TestTargetID = D3663FF41AAFBFD100EE19EC;
					};
				};
			};
			buildConfigurationList = D3663FF01AAFBFD100EE19EC /* Build configuration list for PBXProject "School-Grades" */;
			compatibilityVersion = "Xcode 3.2";
			developmentRegion = English;
			hasScannedForEncodings = 0;
			knownRegions = (
				en,
				Base,
			);
			mainGroup = D3663FEC1AAFBFD100EE19EC;
			productRefGroup = D3663FF61AAFBFD100EE19EC /* Products */;
			projectDirPath = "";
			projectRoot = "";
			targets = (
				D3663FF41AAFBFD100EE19EC /* School-Grades */,
				D366400D1AAFBFD200EE19EC /* School-GradesTests */,
			);
		};
/* End PBXProject section */

/* Begin PBXResourcesBuildPhase section */
		D3663FF31AAFBFD100EE19EC /* Resources */ = {
			isa = PBXResourcesBuildPhase;
			buildActionMask = 2147483647;
			files = (
				D3E285C01AB08BDD00C254E7 /* notas_512.png in Resources */,
				D37D9B431AB92DC800C6A400 /* Izq.png in Resources */,
				D36640041AAFBFD100EE19EC /* Main.storyboard in Resources */,
				D36640231AAFD39A00EE19EC /* DSC06769.JPG in Resources */,
				D36640091AAFBFD100EE19EC /* LaunchScreen.xib in Resources */,
				D37660921AB0E9770027CD0F /* tareas-21627731.jpg in Resources */,
				D36640061AAFBFD100EE19EC /* Images.xcassets in Resources */,
			);
			runOnlyForDeploymentPostprocessing = 0;
		};
		D366400C1AAFBFD200EE19EC /* Resources */ = {
			isa = PBXResourcesBuildPhase;
			buildActionMask = 2147483647;
			files = (
			);
			runOnlyForDeploymentPostprocessing = 0;
		};
/* End PBXResourcesBuildPhase section */

/* Begin PBXSourcesBuildPhase section */
		D3663FF11AAFBFD100EE19EC /* Sources */ = {
			isa = PBXSourcesBuildPhase;
			buildActionMask = 2147483647;
			files = (
				D377F6921AC8CCC8003A1909 /* Cal.m in Sources */,
				D3E285BE1AB0874400C254E7 /* cellOaxaca.m in Sources */,
				D36640011AAFBFD100EE19EC /* ViewController.m in Sources */,
				D3663FFE1AAFBFD100EE19EC /* AppDelegate.m in Sources */,
				D3CD6ECF1AC51DD4005A0809 /* Materia.m in Sources */,
				D3663FFB1AAFBFD100EE19EC /* main.m in Sources */,
				D3CE2E531AC133490039D221 /* Tarea.m in Sources */,
				D37D9B461AB9317200C6A400 /* Alumno.m in Sources */,
			);
			runOnlyForDeploymentPostprocessing = 0;
		};
		D366400A1AAFBFD200EE19EC /* Sources */ = {
			isa = PBXSourcesBuildPhase;
			buildActionMask = 2147483647;
			files = (
				D36640151AAFBFD200EE19EC /* School_GradesTests.m in Sources */,
			);
			runOnlyForDeploymentPostprocessing = 0;
		};
/* End PBXSourcesBuildPhase section */

/* Begin PBXTargetDependency section */
		D36640101AAFBFD200EE19EC /* PBXTargetDependency */ = {
			isa = PBXTargetDependency;
			target = D3663FF41AAFBFD100EE19EC /* School-Grades */;
			targetProxy = D366400F1AAFBFD200EE19EC /* PBXContainerItemProxy */;
		};
/* End PBXTargetDependency section */

/* Begin PBXVariantGroup section */
		D36640021AAFBFD100EE19EC /* Main.storyboard */ = {
			isa = PBXVariantGroup;
			children = (
				D36640031AAFBFD100EE19EC /* Base */,
			);
			name = Main.storyboard;
			sourceTree = "<group>";
		};
		D36640071AAFBFD100EE19EC /* LaunchScreen.xib */ = {
			isa = PBXVariantGroup;
			children = (
				D36640081AAFBFD100EE19EC /* Base */,
			);
			name = LaunchScreen.xib;
			sourceTree = "<group>";
		};
/* End PBXVariantGroup section */

/* Begin XCBuildConfiguration section */
		D36640161AAFBFD200EE19EC /* Debug */ = {
			isa = XCBuildConfiguration;
			buildSettings = {
				ALWAYS_SEARCH_USER_PATHS = NO;
				CLANG_CXX_LANGUAGE_STANDARD = "gnu++0x";
				CLANG_CXX_LIBRARY = "libc++";
				CLANG_ENABLE_MODULES = YES;
				CLANG_ENABLE_OBJC_ARC = YES;
				CLANG_WARN_BOOL_CONVERSION = YES;
				CLANG_WARN_CONSTANT_CONVERSION = YES;
				CLANG_WARN_DIRECT_OBJC_ISA_USAGE = YES_ERROR;
				CLANG_WARN_EMPTY_BODY = YES;
				CLANG_WARN_ENUM_CONVERSION = YES;
				CLANG_WARN_INT_CONVERSION = YES;
				CLANG_WARN_OBJC_ROOT_CLASS = YES_ERROR;
				CLANG_WARN_UNREACHABLE_CODE = YES;
				CLANG_WARN__DUPLICATE_METHOD_MATCH = YES;
				"CODE_SIGN_IDENTITY[sdk=iphoneos*]" = "iPhone Developer";
				COPY_PHASE_STRIP = NO;
				ENABLE_STRICT_OBJC_MSGSEND = YES;
				GCC_C_LANGUAGE_STANDARD = gnu99;
				GCC_DYNAMIC_NO_PIC = NO;
				GCC_OPTIMIZATION_LEVEL = 0;
				GCC_PREPROCESSOR_DEFINITIONS = (
					"DEBUG=1",
					"$(inherited)",
				);
				GCC_SYMBOLS_PRIVATE_EXTERN = NO;
				GCC_WARN_64_TO_32_BIT_CONVERSION = YES;
				GCC_WARN_ABOUT_RETURN_TYPE = YES_ERROR;
				GCC_WARN_UNDECLARED_SELECTOR = YES;
				GCC_WARN_UNINITIALIZED_AUTOS = YES_AGGRESSIVE;
				GCC_WARN_UNUSED_FUNCTION = YES;
				GCC_WARN_UNUSED_VARIABLE = YES;
				IPHONEOS_DEPLOYMENT_TARGET = 8.2;
				MTL_ENABLE_DEBUG_INFO = YES;
				ONLY_ACTIVE_ARCH = YES;
				SDKROOT = iphoneos;
				TARGETED_DEVICE_FAMILY = "1,2";
			};
			name = Debug;
		};
		D36640171AAFBFD200EE19EC /* Release */ = {
			isa = XCBuildConfiguration;
			buildSettings = {
				ALWAYS_SEARCH_USER_PATHS = NO;
				CLANG_CXX_LANGUAGE_STANDARD = "gnu++0x";
				CLANG_CXX_LIBRARY = "libc++";
				CLANG_ENABLE_MODULES = YES;
				CLANG_ENABLE_OBJC_ARC = YES;
				CLANG_WARN_BOOL_CONVERSION = YES;
				CLANG_WARN_CONSTANT_CONVERSION = YES;
				CLANG_WARN_DIRECT_OBJC_ISA_USAGE = YES_ERROR;
				CLANG_WARN_EMPTY_BODY = YES;
				CLANG_WARN_ENUM_CONVERSION = YES;
				CLANG_WARN_INT_CONVERSION = YES;
				CLANG_WARN_OBJC_ROOT_CLASS = YES_ERROR;
				CLANG_WARN_UNREACHABLE_CODE = YES;
				CLANG_WARN__DUPLICATE_METHOD_MATCH = YES;
				"CODE_SIGN_IDENTITY[sdk=iphoneos*]" = "iPhone Developer";
				COPY_PHASE_STRIP = NO;
				ENABLE_NS_ASSERTIONS = NO;
				ENABLE_STRICT_OBJC_MSGSEND = YES;
				GCC_C_LANGUAGE_STANDARD = gnu99;
				GCC_WARN_64_TO_32_BIT_CONVERSION = YES;
				GCC_WARN_ABOUT_RETURN_TYPE = YES_ERROR;
				GCC_WARN_UNDECLARED_SELECTOR = YES;
				GCC_WARN_UNINITIALIZED_AUTOS = YES_AGGRESSIVE;
				GCC_WARN_UNUSED_FUNCTION = YES;
				GCC_WARN_UNUSED_VARIABLE = YES;
				IPHONEOS_DEPLOYMENT_TARGET = 8.2;
				MTL_ENABLE_DEBUG_INFO = NO;
				SDKROOT = iphoneos;
				TARGETED_DEVICE_FAMILY = "1,2";
				VALIDATE_PRODUCT = YES;
			};
			name = Release;
		};
		D36640191AAFBFD200EE19EC /* Debug */ = {
			isa = XCBuildConfiguration;
			buildSettings = {
				ASSETCATALOG_COMPILER_APPICON_NAME = AppIcon;
				CODE_SIGN_IDENTITY = "iPhone Developer";
				"CODE_SIGN_IDENTITY[sdk=iphoneos*]" = "iPhone Developer";
				FRAMEWORK_SEARCH_PATHS = (
					"$(inherited)",
					"$(PROJECT_DIR)/FrameworksParse",
				);
				INFOPLIST_FILE = "School-Grades/Info.plist";
				LD_RUNPATH_SEARCH_PATHS = "$(inherited) @executable_path/Frameworks";
				PRODUCT_NAME = "$(TARGET_NAME)";
				PROVISIONING_PROFILE = "";
			};
			name = Debug;
		};
		D366401A1AAFBFD200EE19EC /* Release */ = {
			isa = XCBuildConfiguration;
			buildSettings = {
				ASSETCATALOG_COMPILER_APPICON_NAME = AppIcon;
				CODE_SIGN_IDENTITY = "iPhone Developer";
				"CODE_SIGN_IDENTITY[sdk=iphoneos*]" = "iPhone Developer";
				FRAMEWORK_SEARCH_PATHS = (
					"$(inherited)",
					"$(PROJECT_DIR)/FrameworksParse",
				);
				INFOPLIST_FILE = "School-Grades/Info.plist";
				LD_RUNPATH_SEARCH_PATHS = "$(inherited) @executable_path/Frameworks";
				PRODUCT_NAME = "$(TARGET_NAME)";
				PROVISIONING_PROFILE = "";
			};
			name = Release;
		};
		D366401C1AAFBFD200EE19EC /* Debug */ = {
			isa = XCBuildConfiguration;
			buildSettings = {
				BUNDLE_LOADER = "$(TEST_HOST)";
				FRAMEWORK_SEARCH_PATHS = (
					"$(SDKROOT)/Developer/Library/Frameworks",
					"$(inherited)",
				);
				GCC_PREPROCESSOR_DEFINITIONS = (
					"DEBUG=1",
					"$(inherited)",
				);
				INFOPLIST_FILE = "School-GradesTests/Info.plist";
				LD_RUNPATH_SEARCH_PATHS = "$(inherited) @executable_path/Frameworks @loader_path/Frameworks";
				PRODUCT_NAME = "$(TARGET_NAME)";
				TEST_HOST = "$(BUILT_PRODUCTS_DIR)/School-Grades.app/School-Grades";
			};
			name = Debug;
		};
		D366401D1AAFBFD200EE19EC /* Release */ = {
			isa = XCBuildConfiguration;
			buildSettings = {
				BUNDLE_LOADER = "$(TEST_HOST)";
				FRAMEWORK_SEARCH_PATHS = (
					"$(SDKROOT)/Developer/Library/Frameworks",
					"$(inherited)",
				);
				INFOPLIST_FILE = "School-GradesTests/Info.plist";
				LD_RUNPATH_SEARCH_PATHS = "$(inherited) @executable_path/Frameworks @loader_path/Frameworks";
				PRODUCT_NAME = "$(TARGET_NAME)";
				TEST_HOST = "$(BUILT_PRODUCTS_DIR)/School-Grades.app/School-Grades";
			};
			name = Release;
		};
/* End XCBuildConfiguration section */

/* Begin XCConfigurationList section */
		D3663FF01AAFBFD100EE19EC /* Build configuration list for PBXProject "School-Grades" */ = {
			isa = XCConfigurationList;
			buildConfigurations = (
				D36640161AAFBFD200EE19EC /* Debug */,
				D36640171AAFBFD200EE19EC /* Release */,
			);
			defaultConfigurationIsVisible = 0;
			defaultConfigurationName = Release;
		};
		D36640181AAFBFD200EE19EC /* Build configuration list for PBXNativeTarget "School-Grades" */ = {
			isa = XCConfigurationList;
			buildConfigurations = (
				D36640191AAFBFD200EE19EC /* Debug */,
				D366401A1AAFBFD200EE19EC /* Release */,
			);
			defaultConfigurationIsVisible = 0;
			defaultConfigurationName = Release;
		};
		D366401B1AAFBFD200EE19EC /* Build configuration list for PBXNativeTarget "School-GradesTests" */ = {
			isa = XCConfigurationList;
			buildConfigurations = (
				D366401C1AAFBFD200EE19EC /* Debug */,
				D366401D1AAFBFD200EE19EC /* Release */,
			);
			defaultConfigurationIsVisible = 0;
			defaultConfigurationName = Release;
		};
/* End XCConfigurationList section */
	};
	rootObject = D3663FED1AAFBFD100EE19EC /* Project object */;
}
